
Microsoft Visual Studio Solution File, Format Version 12.00
# Visual Studio Version 17
VisualStudioVersion = 17.1.31911.260
MinimumVisualStudioVersion = 10.0.40219.1
Project("{FAE04EC0-301F-11D3-BF4B-00C04F79EFBC}") = "PnP.PowerShell.Predictor", "PnP.PowerShell.Predictor\PnP.PowerShell.Predictor.csproj", "{0DD1CED1-4A89-4784-9AAB-E4B0488EB71E}"
EndProject
Global
	GlobalSection(SolutionConfigurationPlatforms) = preSolution
		Debug|Any CPU = Debug|Any CPU
		Release|Any CPU = Release|Any CPU
	EndGlobalSection
	GlobalSection(ProjectConfigurationPlatforms) = postSolution
		{0DD1CED1-4A89-4784-9AAB-E4B0488EB71E}.Debug|Any CPU.ActiveCfg = Debug|Any CPU
		{0DD1CED1-4A89-4784-9AAB-E4B0488EB71E}.Debug|Any CPU.Build.0 = Debug|Any CPU
		{0DD1CED1-4A89-4784-9AAB-E4B0488EB71E}.Release|Any CPU.ActiveCfg = Release|Any CPU
		{0DD1CED1-4A89-4784-9AAB-E4B0488EB71E}.Release|Any CPU.Build.0 = Release|Any CPU
	EndGlobalSection
	GlobalSection(SolutionProperties) = preSolution
		HideSolutionNode = FALSE
	EndGlobalSection
	GlobalSection(ExtensibilityGlobals) = postSolution
		SolutionGuid = {AEC88A33-210E-442A-8B2F-79A9519A01B8}
	EndGlobalSection
EndGlobal
